// !$*UTF8*$!
{
	archiveVersion = 1;
	classes = {
	};
	objectVersion = 46;
	objects = {

/* Begin PBXBuildFile section */
		340C37731C72D8DD00B2FC34 /* AppDelegate.swift in Sources */ = {isa = PBXBuildFile; fileRef = 340C37721C72D8DD00B2FC34 /* AppDelegate.swift */; };
		340C37751C72D8DD00B2FC34 /* ViewController.swift in Sources */ = {isa = PBXBuildFile; fileRef = 340C37741C72D8DD00B2FC34 /* ViewController.swift */; };
		340C37781C72D8DD00B2FC34 /* Main.storyboard in Resources */ = {isa = PBXBuildFile; fileRef = 340C37761C72D8DD00B2FC34 /* Main.storyboard */; };
		340C377A1C72D8DD00B2FC34 /* Assets.xcassets in Resources */ = {isa = PBXBuildFile; fileRef = 340C37791C72D8DD00B2FC34 /* Assets.xcassets */; };
		340C377D1C72D8DD00B2FC34 /* LaunchScreen.storyboard in Resources */ = {isa = PBXBuildFile; fileRef = 340C377B1C72D8DD00B2FC34 /* LaunchScreen.storyboard */; };
		340C37851C753C8F00B2FC34 /* Minecraft.ttf in Resources */ = {isa = PBXBuildFile; fileRef = 340C37841C753C8F00B2FC34 /* Minecraft.ttf */; };
		340C37871C7544E100B2FC34 /* Character.swift in Sources */ = {isa = PBXBuildFile; fileRef = 340C37861C7544E100B2FC34 /* Character.swift */; };
		340C37891C75474300B2FC34 /* Player1.swift in Sources */ = {isa = PBXBuildFile; fileRef = 340C37881C75474300B2FC34 /* Player1.swift */; };
		340C378B1C75476800B2FC34 /* Player2.swift in Sources */ = {isa = PBXBuildFile; fileRef = 340C378A1C75476800B2FC34 /* Player2.swift */; };
		34959EB51C757DC700F411EA /* Victory.mp3 in Resources */ = {isa = PBXBuildFile; fileRef = 34959EB41C757DC700F411EA /* Victory.mp3 */; };
/* End PBXBuildFile section */

/* Begin PBXFileReference section */
		340C376F1C72D8DD00B2FC34 /* Fight_To_Death.app */ = {isa = PBXFileReference; explicitFileType = wrapper.application; includeInIndex = 0; path = Fight_To_Death.app; sourceTree = BUILT_PRODUCTS_DIR; };
		340C37721C72D8DD00B2FC34 /* AppDelegate.swift */ = {isa = PBXFileReference; lastKnownFileType = sourcecode.swift; path = AppDelegate.swift; sourceTree = "<group>"; };
		340C37741C72D8DD00B2FC34 /* ViewController.swift */ = {isa = PBXFileReference; lastKnownFileType = sourcecode.swift; path = ViewController.swift; sourceTree = "<group>"; };
		340C37771C72D8DD00B2FC34 /* Base */ = {isa = PBXFileReference; lastKnownFileType = file.storyboard; name = Base; path = Base.lproj/Main.storyboard; sourceTree = "<group>"; };
		340C37791C72D8DD00B2FC34 /* Assets.xcassets */ = {isa = PBXFileReference; lastKnownFileType = folder.assetcatalog; path = Assets.xcassets; sourceTree = "<group>"; };
		340C377C1C72D8DD00B2FC34 /* Base */ = {isa = PBXFileReference; lastKnownFileType = file.storyboard; name = Base; path = Base.lproj/LaunchScreen.storyboard; sourceTree = "<group>"; };
		340C377E1C72D8DD00B2FC34 /* Info.plist */ = {isa = PBXFileReference; lastKnownFileType = text.plist.xml; path = Info.plist; sourceTree = "<group>"; };
		340C37841C753C8F00B2FC34 /* Minecraft.ttf */ = {isa = PBXFileReference; lastKnownFileType = file; path = Minecraft.ttf; sourceTree = "<group>"; };
		340C37861C7544E100B2FC34 /* Character.swift */ = {isa = PBXFileReference; fileEncoding = 4; lastKnownFileType = sourcecode.swift; path = Character.swift; sourceTree = "<group>"; };
		340C37881C75474300B2FC34 /* Player1.swift */ = {isa = PBXFileReference; fileEncoding = 4; lastKnownFileType = sourcecode.swift; path = Player1.swift; sourceTree = "<group>"; };
		340C378A1C75476800B2FC34 /* Player2.swift */ = {isa = PBXFileReference; fileEncoding = 4; lastKnownFileType = sourcecode.swift; path = Player2.swift; sourceTree = "<group>"; };
		34959EB41C757DC700F411EA /* Victory.mp3 */ = {isa = PBXFileReference; lastKnownFileType = audio.mp3; path = Victory.mp3; sourceTree = "<group>"; };
/* End PBXFileReference section */

/* Begin PBXFrameworksBuildPhase section */
		340C376C1C72D8DD00B2FC34 /* Frameworks */ = {
			isa = PBXFrameworksBuildPhase;
			buildActionMask = 2147483647;
			files = (
			);
			runOnlyForDeploymentPostprocessing = 0;
		};
/* End PBXFrameworksBuildPhase section */

/* Begin PBXGroup section */
		340C37661C72D8DD00B2FC34 = {
			isa = PBXGroup;
			children = (
				340C37711C72D8DD00B2FC34 /* Fight_To_Death */,
				340C37701C72D8DD00B2FC34 /* Products */,
			);
			sourceTree = "<group>";
		};
		340C37701C72D8DD00B2FC34 /* Products */ = {
			isa = PBXGroup;
			children = (
				340C376F1C72D8DD00B2FC34 /* Fight_To_Death.app */,
			);
			name = Products;
			sourceTree = "<group>";
		};
		340C37711C72D8DD00B2FC34 /* Fight_To_Death */ = {
			isa = PBXGroup;
			children = (
				340C37841C753C8F00B2FC34 /* Minecraft.ttf */,
				34959EB41C757DC700F411EA /* Victory.mp3 */,
				340C37721C72D8DD00B2FC34 /* AppDelegate.swift */,
				340C37741C72D8DD00B2FC34 /* ViewController.swift */,
				340C37761C72D8DD00B2FC34 /* Main.storyboard */,
				340C37791C72D8DD00B2FC34 /* Assets.xcassets */,
				340C377B1C72D8DD00B2FC34 /* LaunchScreen.storyboard */,
				340C377E1C72D8DD00B2FC34 /* Info.plist */,
				340C37861C7544E100B2FC34 /* Character.swift */,
				340C37881C75474300B2FC34 /* Player1.swift */,
				340C378A1C75476800B2FC34 /* Player2.swift */,
			);
			path = Fight_To_Death;
			sourceTree = "<group>";
		};
/* End PBXGroup section */

/* Begin PBXNativeTarget section */
		340C376E1C72D8DD00B2FC34 /* Fight_To_Death */ = {
			isa = PBXNativeTarget;
			buildConfigurationList = 340C37811C72D8DD00B2FC34 /* Build configuration list for PBXNativeTarget "Fight_To_Death" */;
			buildPhases = (
				340C376B1C72D8DD00B2FC34 /* Sources */,
				340C376C1C72D8DD00B2FC34 /* Frameworks */,
				340C376D1C72D8DD00B2FC34 /* Resources */,
			);
			buildRules = (
			);
			dependencies = (
			);
			name = Fight_To_Death;
			productName = Fight_To_Death;
			productReference = 340C376F1C72D8DD00B2FC34 /* Fight_To_Death.app */;
			productType = "com.apple.product-type.application";
		};
/* End PBXNativeTarget section */

/* Begin PBXProject section */
		340C37671C72D8DD00B2FC34 /* Project object */ = {
			isa = PBXProject;
			attributes = {
				LastSwiftUpdateCheck = 0720;
				LastUpgradeCheck = 0720;
				ORGANIZATIONNAME = "David Clare";
				TargetAttributes = {
					340C376E1C72D8DD00B2FC34 = {
						CreatedOnToolsVersion = 7.2.1;
					};
				};
			};
			buildConfigurationList = 340C376A1C72D8DD00B2FC34 /* Build configuration list for PBXProject "Fight_To_Death" */;
			compatibilityVersion = "Xcode 3.2";
			developmentRegion = English;
			hasScannedForEncodings = 0;
			knownRegions = (
				en,
				Base,
			);
			mainGroup = 340C37661C72D8DD00B2FC34;
			productRefGroup = 340C37701C72D8DD00B2FC34 /* Products */;
			projectDirPath = "";
			projectRoot = "";
			targets = (
				340C376E1C72D8DD00B2FC34 /* Fight_To_Death */,
			);
		};
/* End PBXProject section */

/* Begin PBXResourcesBuildPhase section */
		340C376D1C72D8DD00B2FC34 /* Resources */ = {
			isa = PBXResourcesBuildPhase;
			buildActionMask = 2147483647;
			files = (
				340C377D1C72D8DD00B2FC34 /* LaunchScreen.storyboard in Resources */,
				34959EB51C757DC700F411EA /* Victory.mp3 in Resources */,
				340C377A1C72D8DD00B2FC34 /* Assets.xcassets in Resources */,
				340C37851C753C8F00B2FC34 /* Minecraft.ttf in Resources */,
				340C37781C72D8DD00B2FC34 /* Main.storyboard in Resources */,
			);
			runOnlyForDeploymentPostprocessing = 0;
		};
/* End PBXResourcesBuildPhase section */

/* Begin PBXSourcesBuildPhase section */
		340C376B1C72D8DD00B2FC34 /* Sources */ = {
			isa = PBXSourcesBuildPhase;
			buildActionMask = 2147483647;
			files = (
				340C37871C7544E100B2FC34 /* Character.swift in Sources */,
				340C378B1C75476800B2FC34 /* Player2.swift in Sources */,
				340C37751C72D8DD00B2FC34 /* ViewController.swift in Sources */,
				340C37891C75474300B2FC34 /* Player1.swift in Sources */,
				340C37731C72D8DD00B2FC34 /* AppDelegate.swift in Sources */,
			);
			runOnlyForDeploymentPostprocessing = 0;
		};
/* End PBXSourcesBuildPhase section */

/* Begin PBXVariantGroup section */
		340C37761C72D8DD00B2FC34 /* Main.storyboard */ = {
			isa = PBXVariantGroup;
			children = (
				340C37771C72D8DD00B2FC34 /* Base */,
			);
			name = Main.storyboard;
			sourceTree = "<group>";
		};
		340C377B1C72D8DD00B2FC34 /* LaunchScreen.storyboard */ = {
			isa = PBXVariantGroup;
			children = (
				340C377C1C72D8DD00B2FC34 /* Base */,
			);
			name = LaunchScreen.storyboard;
			sourceTree = "<group>";
		};
/* End PBXVariantGroup section */

/* Begin XCBuildConfiguration section */
		340C377F1C72D8DD00B2FC34 /* Debug */ = {
			isa = XCBuildConfiguration;
			buildSettings = {
				ALWAYS_SEARCH_USER_PATHS = NO;
				CLANG_CXX_LANGUAGE_STANDARD = "gnu++0x";
				CLANG_CXX_LIBRARY = "libc++";
				CLANG_ENABLE_MODULES = YES;
				CLANG_ENABLE_OBJC_ARC = YES;
				CLANG_WARN_BOOL_CONVERSION = YES;
				CLANG_WARN_CONSTANT_CONVERSION = YES;
				CLANG_WARN_DIRECT_OBJC_ISA_USAGE = YES_ERROR;
				CLANG_WARN_EMPTY_BODY = YES;
				CLANG_WARN_ENUM_CONVERSION = YES;
				CLANG_WARN_INT_CONVERSION = YES;
				CLANG_WARN_OBJC_ROOT_CLASS = YES_ERROR;
				CLANG_WARN_UNREACHABLE_CODE = YES;
				CLANG_WARN__DUPLICATE_METHOD_MATCH = YES;
				"CODE_SIGN_IDENTITY[sdk=iphoneos*]" = "iPhone Developer";
				COPY_PHASE_STRIP = NO;
				DEBUG_INFORMATION_FORMAT = dwarf;
				ENABLE_STRICT_OBJC_MSGSEND = YES;
				ENABLE_TESTABILITY = YES;
				GCC_C_LANGUAGE_STANDARD = gnu99;
				GCC_DYNAMIC_NO_PIC = NO;
				GCC_NO_COMMON_BLOCKS = YES;
				GCC_OPTIMIZATION_LEVEL = 0;
				GCC_PREPROCESSOR_DEFINITIONS = (
					"DEBUG=1",
					"$(inherited)",
				);
				GCC_WARN_64_TO_32_BIT_CONVERSION = YES;
				GCC_WARN_ABOUT_RETURN_TYPE = YES_ERROR;
				GCC_WARN_UNDECLARED_SELECTOR = YES;
				GCC_WARN_UNINITIALIZED_AUTOS = YES_AGGRESSIVE;
				GCC_WARN_UNUSED_FUNCTION = YES;
				GCC_WARN_UNUSED_VARIABLE = YES;
				IPHONEOS_DEPLOYMENT_TARGET = 9.2;
				MTL_ENABLE_DEBUG_INFO = YES;
				ONLY_ACTIVE_ARCH = YES;
				SDKROOT = iphoneos;
				SWIFT_OPTIMIZATION_LEVEL = "-Onone";
				TARGETED_DEVICE_FAMILY = "1,2";
			};
			name = Debug;
		};
		340C37801C72D8DD00B2FC34 /* Release */ = {
			isa = XCBuildConfiguration;
			buildSettings = {
				ALWAYS_SEARCH_USER_PATHS = NO;
				CLANG_CXX_LANGUAGE_STANDARD = "gnu++0x";
				CLANG_CXX_LIBRARY = "libc++";
				CLANG_ENABLE_MODULES = YES;
				CLANG_ENABLE_OBJC_ARC = YES;
				CLANG_WARN_BOOL_CONVERSION = YES;
				CLANG_WARN_CONSTANT_CONVERSION = YES;
				CLANG_WARN_DIRECT_OBJC_ISA_USAGE = YES_ERROR;
				CLANG_WARN_EMPTY_BODY = YES;
				CLANG_WARN_ENUM_CONVERSION = YES;
				CLANG_WARN_INT_CONVERSION = YES;
				CLANG_WARN_OBJC_ROOT_CLASS = YES_ERROR;
				CLANG_WARN_UNREACHABLE_CODE = YES;
				CLANG_WARN__DUPLICATE_METHOD_MATCH = YES;
				"CODE_SIGN_IDENTITY[sdk=iphoneos*]" = "iPhone Developer";
				COPY_PHASE_STRIP = NO;
				DEBUG_INFORMATION_FORMAT = "dwarf-with-dsym";
				ENABLE_NS_ASSERTIONS = NO;
				ENABLE_STRICT_OBJC_MSGSEND = YES;
				GCC_C_LANGUAGE_STANDARD = gnu99;
				GCC_NO_COMMON_BLOCKS = YES;
				GCC_WARN_64_TO_32_BIT_CONVERSION = YES;
				GCC_WARN_ABOUT_RETURN_TYPE = YES_ERROR;
				GCC_WARN_UNDECLARED_SELECTOR = YES;
				GCC_WARN_UNINITIALIZED_AUTOS = YES_AGGRESSIVE;
				GCC_WARN_UNUSED_FUNCTION = YES;
				GCC_WARN_UNUSED_VARIABLE = YES;
				IPHONEOS_DEPLOYMENT_TARGET = 9.2;
				MTL_ENABLE_DEBUG_INFO = NO;
				SDKROOT = iphoneos;
				TARGETED_DEVICE_FAMILY = "1,2";
				VALIDATE_PRODUCT = YES;
			};
			name = Release;
		};
		340C37821C72D8DD00B2FC34 /* Debug */ = {
			isa = XCBuildConfiguration;
			buildSettings = {
				ASSETCATALOG_COMPILER_APPICON_NAME = AppIcon;
				INFOPLIST_FILE = Fight_To_Death/Info.plist;
				LD_RUNPATH_SEARCH_PATHS = "$(inherited) @executable_path/Frameworks";
				PRODUCT_BUNDLE_IDENTIFIER = "com.thegreatestross.Fight-To-Death";
				PRODUCT_NAME = "$(TARGET_NAME)";
			};
			name = Debug;
		};
		340C37831C72D8DD00B2FC34 /* Release */ = {
			isa = XCBuildConfiguration;
			buildSettings = {
				ASSETCATALOG_COMPILER_APPICON_NAME = AppIcon;
				INFOPLIST_FILE = Fight_To_Death/Info.plist;
				LD_RUNPATH_SEARCH_PATHS = "$(inherited) @executable_path/Frameworks";
				PRODUCT_BUNDLE_IDENTIFIER = "com.thegreatestross.Fight-To-Death";
				PRODUCT_NAME = "$(TARGET_NAME)";
			};
			name = Release;
		};
/* End XCBuildConfiguration section */

/* Begin XCConfigurationList section */
		340C376A1C72D8DD00B2FC34 /* Build configuration list for PBXProject "Fight_To_Death" */ = {
			isa = XCConfigurationList;
			buildConfigurations = (
				340C377F1C72D8DD00B2FC34 /* Debug */,
				340C37801C72D8DD00B2FC34 /* Release */,
			);
			defaultConfigurationIsVisible = 0;
			defaultConfigurationName = Release;
		};
		340C37811C72D8DD00B2FC34 /* Build configuration list for PBXNativeTarget "Fight_To_Death" */ = {
			isa = XCConfigurationList;
			buildConfigurations = (
				340C37821C72D8DD00B2FC34 /* Debug */,
				340C37831C72D8DD00B2FC34 /* Release */,
			);
			defaultConfigurationIsVisible = 0;
			defaultConfigurationName = Release;
		};
/* End XCConfigurationList section */
	};
	rootObject = 340C37671C72D8DD00B2FC34 /* Project object */;
}
